# This file is automatically @generated by Cargo.
# It is not intended for manual editing.
version = 3

[[package]]
name = "autocfg"
version = "1.0.1"
source = "registry+https://github.com/rust-lang/crates.io-index"
checksum = "cdb031dd78e28731d87d56cc8ffef4a8f36ca26c38fe2de700543e627f8a464a"

[[package]]
name = "bimap"
version = "0.4.0"
source = "registry+https://github.com/rust-lang/crates.io-index"
checksum = "783204f24fd7724ea274d327619cfa6a6018047bb0561a68aadff6f56787591b"
dependencies = [
 "cfg-if 0.1.10",
]

[[package]]
name = "binread"
version = "2.2.0"
source = "registry+https://github.com/rust-lang/crates.io-index"
checksum = "16598dfc8e6578e9b597d9910ba2e73618385dc9f4b1d43dd92c349d6be6418f"
dependencies = [
 "binread_derive",
 "rustversion",
]

[[package]]
name = "binread_derive"
version = "2.1.0"
source = "registry+https://github.com/rust-lang/crates.io-index"
checksum = "1d9672209df1714ee804b1f4d4f68c8eb2a90b1f7a07acf472f88ce198ef1fed"
dependencies = [
 "either",
 "proc-macro2",
 "quote",
 "syn",
]

[[package]]
name = "bitflags"
version = "1.3.2"
source = "registry+https://github.com/rust-lang/crates.io-index"
checksum = "bef38d45163c2f1dde094a7dfd33ccf595c92905c8f8f4fdc18d06fb1037718a"

[[package]]
name = "build_const"
version = "0.2.2"
source = "registry+https://github.com/rust-lang/crates.io-index"
checksum = "b4ae4235e6dac0694637c763029ecea1a2ec9e4e06ec2729bd21ba4d9c863eb7"

[[package]]
name = "byteorder"
version = "1.4.3"
source = "registry+https://github.com/rust-lang/crates.io-index"
checksum = "14c189c53d098945499cdfa7ecc63567cf3886b3332b312a5b4585d8d3a6a610"

[[package]]
name = "cfg-if"
version = "0.1.10"
source = "registry+https://github.com/rust-lang/crates.io-index"
checksum = "4785bdd1c96b2a846b2bd7cc02e86b6b3dbf14e7e53446c4f54c92a361040822"

[[package]]
name = "cfg-if"
version = "1.0.0"
source = "registry+https://github.com/rust-lang/crates.io-index"
checksum = "baf1de4339761588bc0619e3cbc0120ee582ebb74b53b4efbf79117bd2da40fd"

[[package]]
name = "compile-time-crc32"
version = "0.1.2"
source = "registry+https://github.com/rust-lang/crates.io-index"
checksum = "279fa6d9b7fb86db424a0c391717284bfcb62a240254bda95fe7c9ee18e9a36a"
dependencies = [
 "compile-time-crc32-impl",
 "proc-macro-hack",
]

[[package]]
name = "compile-time-crc32-impl"
version = "0.1.0"
source = "registry+https://github.com/rust-lang/crates.io-index"
checksum = "0cc67897b6fc5a8692e747940b636d05451937a43b40b0130f11d0f734ef823d"
dependencies = [
 "crc",
 "proc-macro-hack",
 "quote",
 "syn",
]

[[package]]
name = "compile-time-lua-bind-hash"
version = "1.1.1"
source = "registry+https://github.com/rust-lang/crates.io-index"
checksum = "660bcccd4aaa4836cb685952d9ea4fb2b57d2565f4fd0c492fce4d2c0a1be0c0"
dependencies = [
 "lua_bind_hash",
 "quote",
 "syn",
]

[[package]]
name = "crc"
version = "1.8.1"
source = "registry+https://github.com/rust-lang/crates.io-index"
checksum = "d663548de7f5cca343f1e0a48d14dcfb0e9eb4e079ec58883b7251539fa10aeb"
dependencies = [
 "build_const",
]

[[package]]
name = "crc32fast"
version = "1.2.1"
source = "registry+https://github.com/rust-lang/crates.io-index"
checksum = "81156fece84ab6a9f2afdb109ce3ae577e42b1228441eded99bd77f627953b1a"
dependencies = [
 "cfg-if 1.0.0",
]

[[package]]
name = "diff-struct"
version = "0.3.1"
source = "registry+https://github.com/rust-lang/crates.io-index"
checksum = "f30a0f0aafc8da0d598388b1897310646f45f47f17e31d581b4390f9dd88e826"
dependencies = [
 "diff_derive",
 "serde",
]

[[package]]
name = "diff_derive"
version = "0.1.2"
source = "registry+https://github.com/rust-lang/crates.io-index"
checksum = "56f9c37d395456d9c1785499421c6288931b6e3dbc2500acb95b8adaa0e69db3"
dependencies = [
 "proc-macro2",
 "quote",
 "syn",
]

[[package]]
name = "either"
version = "1.6.1"
source = "registry+https://github.com/rust-lang/crates.io-index"
checksum = "e78d4f1cc4ae33bbfc157ed5d5a5ef3bc29227303d595861deb238fcec4e9457"

[[package]]
name = "hash40"
version = "0.4.4"
source = "registry+https://github.com/rust-lang/crates.io-index"
checksum = "e0584e671fbbbc7c04045cfca216116d5296d74f3c2ef80011e28d218884d440"
dependencies = [
 "bimap",
 "byteorder",
 "compile-time-crc32",
 "crc",
 "diff-struct",
 "lazy_static",
 "serde",
]

[[package]]
name = "hashbrown"
version = "0.11.2"
source = "registry+https://github.com/rust-lang/crates.io-index"
checksum = "ab5ef0d4909ef3724cc8cce6ccc8572c5c817592e9285f5464f8e86f8bd3726e"

[[package]]
name = "hdr-core"
version = "0.1.0"
dependencies = [
 "lazy_static",
 "lua_bind_hash",
 "parking_lot",
 "prc-rs",
 "serde_json",
 "skyline",
 "skyline_smash",
 "smash-arc",
 "smashline",
]

[[package]]
name = "indexmap"
version = "1.7.0"
source = "registry+https://github.com/rust-lang/crates.io-index"
checksum = "bc633605454125dec4b66843673f01c7df2b89479b32e0ed634e43a91cff62a5"
dependencies = [
 "autocfg",
 "hashbrown",
]

[[package]]
name = "instant"
version = "0.1.12"
source = "registry+https://github.com/rust-lang/crates.io-index"
checksum = "7a5bbe824c507c5da5956355e86a746d82e0e1464f65d862cc5e71da70e94b2c"
dependencies = [
 "cfg-if 1.0.0",
]

[[package]]
name = "itoa"
version = "0.4.8"
source = "registry+https://github.com/rust-lang/crates.io-index"
checksum = "b71991ff56294aa922b450139ee08b3bfc70982c6b2c7562771375cf73542dd4"

[[package]]
name = "lazy_static"
version = "1.4.0"
source = "registry+https://github.com/rust-lang/crates.io-index"
checksum = "e2abad23fbc42b3700f2f279844dc832adb2b2eb069b2df918f455c4e18cc646"

[[package]]
name = "libc"
version = "0.2.104"
source = "registry+https://github.com/rust-lang/crates.io-index"
checksum = "7b2f96d100e1cf1929e7719b7edb3b90ab5298072638fccd77be9ce942ecdfce"

[[package]]
name = "libc-nnsdk"
version = "0.0.1"
source = "git+https://github.com/ultimate-research/libc-nnsdk.git#82a83a6ebd519babb90b41bc9da4f564c367d54c"

[[package]]
name = "lock_api"
version = "0.4.5"
source = "registry+https://github.com/rust-lang/crates.io-index"
checksum = "712a4d093c9976e24e7dbca41db895dabcbac38eb5f4045393d17a95bdfb1109"
dependencies = [
 "scopeguard",
]

[[package]]
name = "lua_bind_hash"
version = "1.0.1"
source = "registry+https://github.com/rust-lang/crates.io-index"
checksum = "ee9675fd198b39d86a7d5d20c59ae9639a3b4157f28ebd6cc09b9f1397ab118a"

[[package]]
name = "modular-bitfield"
version = "0.10.0"
source = "registry+https://github.com/rust-lang/crates.io-index"
checksum = "ff2e5f1619c5ad8b807c306d878b01b861c537dbed9e8c36d313a66f9d21aac8"
dependencies = [
 "modular-bitfield-impl",
 "static_assertions",
]

[[package]]
name = "modular-bitfield-impl"
version = "0.10.0"
source = "registry+https://github.com/rust-lang/crates.io-index"
checksum = "5983e6060b5e3182b17445e78e772ecc77ad92e8b7f47de2675c03b057ff80d0"
dependencies = [
 "proc-macro2",
 "quote",
 "syn",
]

[[package]]
name = "network-reader-adapter"
version = "0.1.0"
source = "registry+https://github.com/rust-lang/crates.io-index"
checksum = "c7f9b803c6f1ce4f231ae4bd0c065dcc2f3c93db33da58e439ce66259e3167cf"

[[package]]
name = "nnsdk"
version = "0.1.0"
source = "git+https://github.com/ultimate-research/nnsdk-rs.git#791aebe9b101fa269690fad5918fdd615573c98e"
dependencies = [
 "libc-nnsdk",
]

[[package]]
name = "owo-colors"
version = "1.3.0"
source = "registry+https://github.com/rust-lang/crates.io-index"
checksum = "2386b4ebe91c2f7f51082d4cefa145d030e33a1842a96b12e4885cc3c01f7a55"

[[package]]
name = "parking_lot"
version = "0.11.2"
source = "registry+https://github.com/rust-lang/crates.io-index"
checksum = "7d17b78036a60663b797adeaee46f5c9dfebb86948d1255007a1d6be0271ff99"
dependencies = [
 "instant",
 "lock_api",
 "parking_lot_core",
]

[[package]]
name = "parking_lot_core"
version = "0.8.5"
source = "registry+https://github.com/rust-lang/crates.io-index"
checksum = "d76e8e1493bcac0d2766c42737f34458f1c8c50c0d23bcb24ea953affb273216"
dependencies = [
 "cfg-if 1.0.0",
 "instant",
 "libc",
 "redox_syscall",
 "smallvec",
 "winapi",
]

[[package]]
name = "paste"
version = "1.0.5"
source = "registry+https://github.com/rust-lang/crates.io-index"
checksum = "acbf547ad0c65e31259204bd90935776d1c693cec2f4ff7abb7a1bbbd40dfe58"

[[package]]
name = "prc-rs"
version = "1.3.2"
source = "registry+https://github.com/rust-lang/crates.io-index"
checksum = "06a1724baff52750aa81a375b3a8e5b4b51a600001937c462c4694ed4eb48263"
dependencies = [
 "byteorder",
 "hash40",
 "indexmap",
 "serde",
]

[[package]]
name = "proc-macro-hack"
version = "0.5.19"
source = "registry+https://github.com/rust-lang/crates.io-index"
checksum = "dbf0c48bc1d91375ae5c3cd81e3722dff1abcf81a30960240640d223f59fe0e5"

[[package]]
name = "proc-macro2"
version = "1.0.30"
source = "registry+https://github.com/rust-lang/crates.io-index"
checksum = "edc3358ebc67bc8b7fa0c007f945b0b18226f78437d61bec735a9eb96b61ee70"
dependencies = [
 "unicode-xid",
]

[[package]]
name = "quote"
version = "1.0.10"
source = "registry+https://github.com/rust-lang/crates.io-index"
checksum = "38bc8cc6a5f2e3655e0899c1b848643b2562f853f114bfec7be120678e3ace05"
dependencies = [
 "proc-macro2",
]

[[package]]
name = "redox_syscall"
version = "0.2.10"
source = "registry+https://github.com/rust-lang/crates.io-index"
checksum = "8383f39639269cde97d255a32bdb68c047337295414940c68bdd30c2e13203ff"
dependencies = [
 "bitflags",
]

[[package]]
name = "rustversion"
version = "1.0.5"
source = "registry+https://github.com/rust-lang/crates.io-index"
checksum = "61b3909d758bb75c79f23d4736fac9433868679d3ad2ea7a61e3c25cfda9a088"

[[package]]
name = "ryu"
version = "1.0.5"
source = "registry+https://github.com/rust-lang/crates.io-index"
checksum = "71d301d4193d031abdd79ff7e3dd721168a9572ef3fe51a1517aba235bd8f86e"

[[package]]
name = "scopeguard"
version = "1.1.0"
source = "registry+https://github.com/rust-lang/crates.io-index"
checksum = "d29ab0c6d3fc0ee92fe66e2d99f700eab17a8d57d1c1d3b748380fb20baa78cd"

[[package]]
name = "serde"
version = "1.0.130"
source = "registry+https://github.com/rust-lang/crates.io-index"
checksum = "f12d06de37cf59146fbdecab66aa99f9fe4f78722e3607577a5375d66bd0c913"
dependencies = [
 "serde_derive",
]

[[package]]
name = "serde_derive"
version = "1.0.130"
source = "registry+https://github.com/rust-lang/crates.io-index"
checksum = "d7bc1a1ab1961464eae040d96713baa5a724a8152c1222492465b54322ec508b"
dependencies = [
 "proc-macro2",
 "quote",
 "syn",
]

[[package]]
name = "serde_json"
version = "1.0.68"
source = "registry+https://github.com/rust-lang/crates.io-index"
checksum = "0f690853975602e1bfe1ccbf50504d67174e3bcf340f23b5ea9992e0587a52d8"
dependencies = [
 "itoa",
 "ryu",
 "serde",
]

[[package]]
name = "skyline"
version = "0.1.0"
source = "git+https://github.com/ultimate-research/skyline-rs#21ec4e0121d2f1b666924d10beb891c464650c90"
dependencies = [
 "libc-nnsdk",
 "nnsdk",
 "skyline_macro",
]

[[package]]
name = "skyline_macro"
version = "0.1.0"
source = "git+https://github.com/ultimate-research/skyline-rs#21ec4e0121d2f1b666924d10beb891c464650c90"
dependencies = [
 "lazy_static",
 "proc-macro2",
 "quote",
 "syn",
]

[[package]]
name = "skyline_smash"
version = "0.1.0"
source = "git+https://github.com/blu-dev/skyline-smash#01f778a69918a6da627d05597ed96a4ddc35bb29"
dependencies = [
 "compile-time-lua-bind-hash",
 "lazy_static",
 "libc-nnsdk",
 "nnsdk",
 "paste",
 "skyline",
]

[[package]]
name = "smallvec"
version = "1.7.0"
source = "registry+https://github.com/rust-lang/crates.io-index"
checksum = "1ecab6c735a6bb4139c0caafd0cc3635748bbb3acf4550e8138122099251f309"

[[package]]
name = "smash-arc"
version = "0.3.0"
source = "git+https://github.com/jam1garner/smash-arc#5b90e8dd34377ec72f622cb34f853cc198a7057a"
dependencies = [
 "binread",
 "crc32fast",
 "lazy_static",
 "modular-bitfield",
 "network-reader-adapter",
 "parking_lot",
 "thiserror",
]

[[package]]
name = "smashline"
version = "0.1.0"
source = "git+https://github.com/blu-dev/smashline?branch=development#02314fba605d480276774425df468363cd050536"
dependencies = [
 "skyline",
 "skyline_smash",
 "smashline-macro",
]

[[package]]
name = "smashline-macro"
version = "0.1.0"
source = "git+https://github.com/blu-dev/smashline?branch=development#02314fba605d480276774425df468363cd050536"
dependencies = [
 "owo-colors",
 "proc-macro2",
 "quote",
 "syn",
 "synstructure",
]

[[package]]
name = "static_assertions"
version = "1.1.0"
source = "registry+https://github.com/rust-lang/crates.io-index"
checksum = "a2eb9349b6444b326872e140eb1cf5e7c522154d69e7a0ffb0fb81c06b37543f"

[[package]]
name = "syn"
version = "1.0.80"
source = "registry+https://github.com/rust-lang/crates.io-index"
checksum = "d010a1623fbd906d51d650a9916aaefc05ffa0e4053ff7fe601167f3e715d194"
dependencies = [
 "proc-macro2",
 "quote",
 "unicode-xid",
]

[[package]]
name = "synstructure"
version = "0.12.6"
source = "registry+https://github.com/rust-lang/crates.io-index"
checksum = "f36bdaa60a83aca3921b5259d5400cbf5e90fc51931376a9bd4a0eb79aa7210f"
dependencies = [
 "proc-macro2",
 "quote",
 "syn",
 "unicode-xid",
]

[[package]]
name = "thiserror"
version = "1.0.30"
source = "registry+https://github.com/rust-lang/crates.io-index"
checksum = "854babe52e4df1653706b98fcfc05843010039b406875930a70e4d9644e5c417"
dependencies = [
 "thiserror-impl",
]

[[package]]
name = "thiserror-impl"
version = "1.0.30"
source = "registry+https://github.com/rust-lang/crates.io-index"
checksum = "aa32fd3f627f367fe16f893e2597ae3c05020f8bba2666a4e6ea73d377e5714b"
dependencies = [
 "proc-macro2",
 "quote",
 "syn",
]

[[package]]
name = "unicode-xid"
version = "0.2.2"
source = "registry+https://github.com/rust-lang/crates.io-index"
checksum = "8ccb82d61f80a663efe1f787a51b16b5a51e3314d6ac365b08639f52387b33f3"

[[package]]
name = "winapi"
version = "0.3.9"
source = "registry+https://github.com/rust-lang/crates.io-index"
checksum = "5c839a674fcd7a98952e593242ea400abe93992746761e38641405d28b00f419"
dependencies = [
 "winapi-i686-pc-windows-gnu",
 "winapi-x86_64-pc-windows-gnu",
]

[[package]]
name = "winapi-i686-pc-windows-gnu"
version = "0.4.0"
source = "registry+https://github.com/rust-lang/crates.io-index"
checksum = "ac3b87c63620426dd9b991e5ce0329eff545bccbbb34f3be09ff6fb6ab51b7b6"

[[package]]
name = "winapi-x86_64-pc-windows-gnu"
version = "0.4.0"
source = "registry+https://github.com/rust-lang/crates.io-index"
checksum = "712e227841d057c1ee1cd2fb22fa7e5a5461ae8e48fa2ca79ec42cfc1931183f"
